{
  "name": "game-site",
  "version": "1.0.0",
  "lockfileVersion": 3,
  "requires": true,
  "packages": {
    "": {
      "name": "game-site",
      "version": "1.0.0",
      "license": "ISC",
      "dependencies": {
        "littlejsengine": "^1.9.5"
      }
    },
    "node_modules/littlejsengine": {
      "version": "1.9.5",
      "resolved": "https://registry.npmjs.org/littlejsengine/-/littlejsengine-1.9.5.tgz",
      "integrity": "sha512-G8J7prRpJrnF58dmaW8Ispy4/f0U31L35Le3253fWL9NkoVlYjKlRtDoAncyp6JPhsx15H6oF0L0iuQMZaXT1g==",
      "license": "MIT"
    }
  }
}
